
Microsoft Visual Studio Solution File, Format Version 12.00
# Visual Studio Version 17
VisualStudioVersion = 17.13.35913.81 d17.13
MinimumVisualStudioVersion = 10.0.40219.1
Project("{FAE04EC0-301F-11D3-BF4B-00C04F79EFBC}") = "KinectTest", "KinectTest.csproj", "{DF136B3F-D7BE-4481-A08E-6FA27EF06485}"
EndProject
Global
	GlobalSection(SolutionConfigurationPlatforms) = preSolution
		Debug|Any CPU = Debug|Any CPU
		Release|Any CPU = Release|Any CPU
	EndGlobalSection
	GlobalSection(ProjectConfigurationPlatforms) = postSolution
		{DF136B3F-D7BE-4481-A08E-6FA27EF06485}.Debug|Any CPU.ActiveCfg = Debug|Any CPU
		{DF136B3F-D7BE-4481-A08E-6FA27EF06485}.Debug|Any CPU.Build.0 = Debug|Any CPU
		{DF136B3F-D7BE-4481-A08E-6FA27EF06485}.Release|Any CPU.ActiveCfg = Release|Any CPU
		{DF136B3F-D7BE-4481-A08E-6FA27EF06485}.Release|Any CPU.Build.0 = Release|Any CPU
	EndGlobalSection
	GlobalSection(SolutionProperties) = preSolution
		HideSolutionNode = FALSE
	EndGlobalSection
	GlobalSection(ExtensibilityGlobals) = postSolution
		SolutionGuid = {21CF270C-F22B-4735-952F-CEA04D72E326}
	EndGlobalSection
EndGlobal
